
Microsoft Visual Studio Solution File, Format Version 12.00
# Visual Studio Version 16
VisualStudioVersion = 16.0.30621.155
MinimumVisualStudioVersion = 10.0.40219.1
Project("{FAE04EC0-301F-11D3-BF4B-00C04F79EFBC}") = "NPFEx3", "NfcEx3\NPFEx3.csproj", "{0B6E1ED5-8EA1-46B6-BFAF-03A03C0E66D5}"
EndProject
Global
	GlobalSection(SolutionConfigurationPlatforms) = preSolution
		Debug|Any CPU = Debug|Any CPU
		Release|Any CPU = Release|Any CPU
	EndGlobalSection
	GlobalSection(ProjectConfigurationPlatforms) = postSolution
		{0B6E1ED5-8EA1-46B6-BFAF-03A03C0E66D5}.Debug|Any CPU.ActiveCfg = Debug|Any CPU
		{0B6E1ED5-8EA1-46B6-BFAF-03A03C0E66D5}.Debug|Any CPU.Build.0 = Debug|Any CPU
		{0B6E1ED5-8EA1-46B6-BFAF-03A03C0E66D5}.Release|Any CPU.ActiveCfg = Release|Any CPU
		{0B6E1ED5-8EA1-46B6-BFAF-03A03C0E66D5}.Release|Any CPU.Build.0 = Release|Any CPU
	EndGlobalSection
	GlobalSection(SolutionProperties) = preSolution
		HideSolutionNode = FALSE
	EndGlobalSection
	GlobalSection(ExtensibilityGlobals) = postSolution
		SolutionGuid = {731C5D4E-95B5-4769-8342-1A1DD0C8D2B1}
	EndGlobalSection
EndGlobal
